{
  "name": "hermes-openui-generation-experiment",
  "version": "0.0.0",
  "lockfileVersion": 3,
  "requires": true,
  "packages": {
    "": {
      "name": "hermes-openui-generation-experiment",
      "version": "0.0.0",
      "dependencies": {
        "@openuidev/lang-core": "0.3.1",
        "zod": "4.0.0"
      },
      "engines": {
        "node": ">=22 <23"
      }
    },
    "node_modules/@openuidev/lang-core": {
      "version": "0.3.1",
      "resolved": "https://registry.npmjs.org/@openuidev/lang-core/-/lang-core-0.3.1.tgz",
      "integrity": "sha512-lya0jEt6MXYDJT14ZBxysRSg8AWxvcJLyMmqgl/IJ3Ci+D8rdRXPHGeHD5XxJmxqgdX+P1UxhLp9cQ+ml8diYw==",
      "hasInstallScript": true,
      "license": "MIT",
      "dependencies": {
        "ci-info": "^4.4.0"
      },
      "peerDependencies": {
        "@modelcontextprotocol/sdk": ">=1.0.0",
        "zod": "^3.25.0 || ^4.0.0"
      },
      "peerDependenciesMeta": {
        "@modelcontextprotocol/sdk": {
          "optional": true
        }
      }
    },
    "node_modules/ci-info": {
      "version": "4.4.0",
      "resolved": "https://registry.npmjs.org/ci-info/-/ci-info-4.4.0.tgz",
      "integrity": "sha512-77PSwercCZU2Fc4sX94eF8k8Pxte6JAwL4/ICZLFjJLqegs7kCuAsqqj/70NQF6TvDpgFjkubQB2FW2ZZddvQg==",
      "funding": [
        {
          "type": "github",
          "url": "https://github.com/sponsors/sibiraj-s"
        }
      ],
      "license": "MIT",
      "engines": {
        "node": ">=8"
      }
    },
    "node_modules/zod": {
      "version": "4.0.0",
      "resolved": "https://registry.npmjs.org/zod/-/zod-4.0.0.tgz",
      "integrity": "sha512-9diLdTPc/L7w/5jI4C3gHYNiGHDV9IZYxo1e5LSD8cabi65WVTWWb+g2BGPEpUUCOxR4D+6O5B0AzyMdUAXwrw==",
      "license": "MIT",
      "funding": {
        "url": "https://github.com/sponsors/colinhacks"
      }
    }
  }
}
